
Microsoft Visual Studio Solution File, Format Version 12.00
# Visual Studio Version 16
VisualStudioVersion = 16.0.31911.196
MinimumVisualStudioVersion = 10.0.40219.1
Project("{FAE04EC0-301F-11D3-BF4B-00C04F79EFBC}") = "mvc-webapp-dropdown-populated-by-dropdown", "mvc-webapp-dropdown-populated-by-dropdown\mvc-webapp-dropdown-populated-by-dropdown.csproj", "{1B1A8A3B-73B5-4652-9F33-96C68A4466DE}"
EndProject
Global
	GlobalSection(SolutionConfigurationPlatforms) = preSolution
		Debug|Any CPU = Debug|Any CPU
		Release|Any CPU = Release|Any CPU
	EndGlobalSection
	GlobalSection(ProjectConfigurationPlatforms) = postSolution
		{1B1A8A3B-73B5-4652-9F33-96C68A4466DE}.Debug|Any CPU.ActiveCfg = Debug|Any CPU
		{1B1A8A3B-73B5-4652-9F33-96C68A4466DE}.Debug|Any CPU.Build.0 = Debug|Any CPU
		{1B1A8A3B-73B5-4652-9F33-96C68A4466DE}.Release|Any CPU.ActiveCfg = Release|Any CPU
		{1B1A8A3B-73B5-4652-9F33-96C68A4466DE}.Release|Any CPU.Build.0 = Release|Any CPU
	EndGlobalSection
	GlobalSection(SolutionProperties) = preSolution
		HideSolutionNode = FALSE
	EndGlobalSection
	GlobalSection(ExtensibilityGlobals) = postSolution
		SolutionGuid = {C52CD500-224A-4696-8D30-08481D826B74}
	EndGlobalSection
EndGlobal
